Microsoft Visual Studio Solution File, Format Version 11.00
# Visual Studio 2008

Project("{41C6D219-D383-7E55-0843-E7BF2D587A8C}") = "Beyond Handball2", "Assembly-CSharp.csproj", "{C36F13A7-32B4-0576-856A-CC3544F6EF1E}"
EndProject
Project("{41C6D219-D383-7E55-0843-E7BF2D587A8C}") = "Beyond Handball2", "Assembly-UnityScript-firstpass.unityproj", "{57B3F8CC-F356-1027-ACF2-331D89AD2B64}"
EndProject
Global
	GlobalSection(SolutionConfigurationPlatforms) = preSolution
		Debug|Any CPU = Debug|Any CPU
		Release|Any CPU = Release|Any CPU
	EndGlobalSection
	GlobalSection(ProjectConfigurationPlatforms) = postSolution
		{C36F13A7-32B4-0576-856A-CC3544F6EF1E}.Debug|Any CPU.ActiveCfg = Debug|Any CPU
		{C36F13A7-32B4-0576-856A-CC3544F6EF1E}.Debug|Any CPU.Build.0 = Debug|Any CPU
		{C36F13A7-32B4-0576-856A-CC3544F6EF1E}.Release|Any CPU.ActiveCfg = Release|Any CPU
		{C36F13A7-32B4-0576-856A-CC3544F6EF1E}.Release|Any CPU.Build.0 = Release|Any CPU
		{57B3F8CC-F356-1027-ACF2-331D89AD2B64}.Debug|Any CPU.ActiveCfg = Debug|Any CPU
		{57B3F8CC-F356-1027-ACF2-331D89AD2B64}.Debug|Any CPU.Build.0 = Debug|Any CPU
		{57B3F8CC-F356-1027-ACF2-331D89AD2B64}.Release|Any CPU.ActiveCfg = Release|Any CPU
		{57B3F8CC-F356-1027-ACF2-331D89AD2B64}.Release|Any CPU.Build.0 = Release|Any CPU
	EndGlobalSection
	GlobalSection(SolutionProperties) = preSolution
		HideSolutionNode = FALSE
	EndGlobalSection
														GlobalSection(MonoDevelopProperties) = preSolution
		StartupItem = Assembly-CSharp.csproj
		Policies = $0
		$0.TextStylePolicy = $1
		$1.inheritsSet = null
		$1.scope = text/x-csharp
		$0.CSharpFormattingPolicy = $2
		$2.inheritsSet = Mono
		$2.inheritsScope = text/x-csharp
		$2.scope = text/x-csharp
		$0.TextStylePolicy = $3
		$3.FileWidth = 120
		$3.TabWidth = 4
		$3.EolMarker = Unix
		$3.inheritsSet = Mono
		$3.inheritsScope = text/plain
		$3.scope = text/plain
	EndGlobalSection

EndGlobal
